
Microsoft Visual Studio Solution File, Format Version 12.00
# Visual Studio Version 17
VisualStudioVersion = 17.10.35013.160
MinimumVisualStudioVersion = 10.0.40219.1
Project("{9A19103F-16F7-4668-BE54-9A1E7A4F7556}") = "practice", "practice.csproj", "{AF5CC744-AD2A-4A94-A9E2-5F2517F4DC6F}"
EndProject
Project("{FAE04EC0-301F-11D3-BF4B-00C04F79EFBC}") = "EntityFrameworkExample", "..\EntityFrameworkExample\EntityFrameworkExample.csproj", "{12ECD5AB-FE94-497A-84F7-91EFD09FFC56}"
EndProject
Global
	GlobalSection(SolutionConfigurationPlatforms) = preSolution
		Debug|Any CPU = Debug|Any CPU
		Release|Any CPU = Release|Any CPU
	EndGlobalSection
	GlobalSection(ProjectConfigurationPlatforms) = postSolution
		{AF5CC744-AD2A-4A94-A9E2-5F2517F4DC6F}.Debug|Any CPU.ActiveCfg = Debug|Any CPU
		{AF5CC744-AD2A-4A94-A9E2-5F2517F4DC6F}.Debug|Any CPU.Build.0 = Debug|Any CPU
		{AF5CC744-AD2A-4A94-A9E2-5F2517F4DC6F}.Release|Any CPU.ActiveCfg = Release|Any CPU
		{AF5CC744-AD2A-4A94-A9E2-5F2517F4DC6F}.Release|Any CPU.Build.0 = Release|Any CPU
		{12ECD5AB-FE94-497A-84F7-91EFD09FFC56}.Debug|Any CPU.ActiveCfg = Debug|Any CPU
		{12ECD5AB-FE94-497A-84F7-91EFD09FFC56}.Debug|Any CPU.Build.0 = Debug|Any CPU
		{12ECD5AB-FE94-497A-84F7-91EFD09FFC56}.Release|Any CPU.ActiveCfg = Release|Any CPU
		{12ECD5AB-FE94-497A-84F7-91EFD09FFC56}.Release|Any CPU.Build.0 = Release|Any CPU
	EndGlobalSection
	GlobalSection(SolutionProperties) = preSolution
		HideSolutionNode = FALSE
	EndGlobalSection
	GlobalSection(ExtensibilityGlobals) = postSolution
		SolutionGuid = {7C3DEB69-DA44-4B69-9EA0-6B224EAED26B}
	EndGlobalSection
EndGlobal
